
Microsoft Visual Studio Solution File, Format Version 12.00
# Visual Studio Version 17
VisualStudioVersion = 17.0.31512.422
MinimumVisualStudioVersion = 10.0.40219.1
Project("{9A19103F-16F7-4668-BE54-9A1E7A4F7556}") = "GPSMiniMap", "GPSMiniMap.csproj", "{E2E72B3B-0FFF-4808-A484-ED1D73546EC5}"
EndProject
Project("{FAE04EC0-301F-11D3-BF4B-00C04F79EFBC}") = "GPSMinimapReceiver", "..\GPSMinimapReceiver\GPSMinimapReceiver.csproj", "{19EF3B47-F228-4F91-BE0E-B26885B531DC}"
EndProject
Global
	GlobalSection(SolutionConfigurationPlatforms) = preSolution
		Debug|Any CPU = Debug|Any CPU
		Release|Any CPU = Release|Any CPU
	EndGlobalSection
	GlobalSection(ProjectConfigurationPlatforms) = postSolution
		{E2E72B3B-0FFF-4808-A484-ED1D73546EC5}.Debug|Any CPU.ActiveCfg = Debug|Any CPU
		{E2E72B3B-0FFF-4808-A484-ED1D73546EC5}.Debug|Any CPU.Build.0 = Debug|Any CPU
		{E2E72B3B-0FFF-4808-A484-ED1D73546EC5}.Release|Any CPU.ActiveCfg = Release|Any CPU
		{E2E72B3B-0FFF-4808-A484-ED1D73546EC5}.Release|Any CPU.Build.0 = Release|Any CPU
		{19EF3B47-F228-4F91-BE0E-B26885B531DC}.Debug|Any CPU.ActiveCfg = Debug|Any CPU
		{19EF3B47-F228-4F91-BE0E-B26885B531DC}.Debug|Any CPU.Build.0 = Debug|Any CPU
		{19EF3B47-F228-4F91-BE0E-B26885B531DC}.Release|Any CPU.ActiveCfg = Release|Any CPU
		{19EF3B47-F228-4F91-BE0E-B26885B531DC}.Release|Any CPU.Build.0 = Release|Any CPU
	EndGlobalSection
	GlobalSection(SolutionProperties) = preSolution
		HideSolutionNode = FALSE
	EndGlobalSection
	GlobalSection(ExtensibilityGlobals) = postSolution
		SolutionGuid = {7AD7D9DD-EDBC-411F-9E06-A5399239E849}
	EndGlobalSection
EndGlobal
